
Microsoft Visual Studio Solution File, Format Version 12.00
# Visual Studio Version 17
VisualStudioVersion = 17.0.32112.339
MinimumVisualStudioVersion = 10.0.40219.1
Project("{FAE04EC0-301F-11D3-BF4B-00C04F79EFBC}") = "Tarea Empleados", "Tarea Empleados\Tarea Empleados.csproj", "{1BA7FA16-32E2-48CD-8879-DFEF8139D811}"
EndProject
Global
	GlobalSection(SolutionConfigurationPlatforms) = preSolution
		Debug|Any CPU = Debug|Any CPU
		Release|Any CPU = Release|Any CPU
	EndGlobalSection
	GlobalSection(ProjectConfigurationPlatforms) = postSolution
		{1BA7FA16-32E2-48CD-8879-DFEF8139D811}.Debug|Any CPU.ActiveCfg = Debug|Any CPU
		{1BA7FA16-32E2-48CD-8879-DFEF8139D811}.Debug|Any CPU.Build.0 = Debug|Any CPU
		{1BA7FA16-32E2-48CD-8879-DFEF8139D811}.Release|Any CPU.ActiveCfg = Release|Any CPU
		{1BA7FA16-32E2-48CD-8879-DFEF8139D811}.Release|Any CPU.Build.0 = Release|Any CPU
	EndGlobalSection
	GlobalSection(SolutionProperties) = preSolution
		HideSolutionNode = FALSE
	EndGlobalSection
	GlobalSection(ExtensibilityGlobals) = postSolution
		SolutionGuid = {BB9D7923-B11A-4EA9-9C1D-D981FAFDF638}
	EndGlobalSection
EndGlobal
